{
  "name": "identity-handbook",
  "lockfileVersion": 2,
  "requires": true,
  "packages": {
    "": {
      "name": "identity-handbook",
      "dependencies": {
        "@18f/private-eye": "^2.0.0",
        "anchor-js": "^4.2.2",
        "identity-style-guide": "^2.2.1"
      }
    },
    "node_modules/@18f/private-eye": {
      "version": "2.0.0",
      "resolved": "https://registry.npmjs.org/@18f/private-eye/-/private-eye-2.0.0.tgz",
      "integrity": "sha512-2ZiJSw/frar1pvp+wvRMyvFepVhulN08An9T+y1A8Psfssb72RPkwV9DLM56LO8mEMy/qV/d8e/eAZj1MiYPqA=="
    },
    "node_modules/anchor-js": {
      "version": "4.2.2",
      "resolved": "https://registry.npmjs.org/anchor-js/-/anchor-js-4.2.2.tgz",
      "integrity": "sha512-Rg1tGaG4K3avYqDh7rOYCE/odWxpUiHStnlKL/bGOt9cl6NjR06zhPGVQcCAjE5PT48oQeHVgqNmLzxh0Kuk4A=="
    },
    "node_modules/identity-style-guide": {
      "version": "2.2.1",
      "resolved": "https://registry.npmjs.org/identity-style-guide/-/identity-style-guide-2.2.1.tgz",
      "integrity": "sha512-YnnztpbBXwUIx1lqc+A8YO9sFUvpH3u+Jn9zcpatJu4U/Xqg+jNwx//a9Uq8g8RnMZVYVLJfTV6GkZ3ZksrCmg==",
      "dependencies": {
        "zxcvbn": "^4.4.2"
      },
      "engines": {
        "node": ">=10.x.x",
        "npm": ">6.x.x"
      }
    },
    "node_modules/zxcvbn": {
      "version": "4.4.2",
      "resolved": "https://registry.npmjs.org/zxcvbn/-/zxcvbn-4.4.2.tgz",
      "integrity": "sha1-KOwXzwl0PtyrBW3dixsGJizHPDA="
    }
  },
  "dependencies": {
    "@18f/private-eye": {
      "version": "2.0.0",
      "resolved": "https://registry.npmjs.org/@18f/private-eye/-/private-eye-2.0.0.tgz",
      "integrity": "sha512-2ZiJSw/frar1pvp+wvRMyvFepVhulN08An9T+y1A8Psfssb72RPkwV9DLM56LO8mEMy/qV/d8e/eAZj1MiYPqA=="
    },
    "anchor-js": {
      "version": "4.2.2",
      "resolved": "https://registry.npmjs.org/anchor-js/-/anchor-js-4.2.2.tgz",
      "integrity": "sha512-Rg1tGaG4K3avYqDh7rOYCE/odWxpUiHStnlKL/bGOt9cl6NjR06zhPGVQcCAjE5PT48oQeHVgqNmLzxh0Kuk4A=="
    },
    "identity-style-guide": {
      "version": "2.2.1",
      "resolved": "https://registry.npmjs.org/identity-style-guide/-/identity-style-guide-2.2.1.tgz",
      "integrity": "sha512-YnnztpbBXwUIx1lqc+A8YO9sFUvpH3u+Jn9zcpatJu4U/Xqg+jNwx//a9Uq8g8RnMZVYVLJfTV6GkZ3ZksrCmg==",
      "requires": {
        "zxcvbn": "^4.4.2"
      }
    },
    "zxcvbn": {
      "version": "4.4.2",
      "resolved": "https://registry.npmjs.org/zxcvbn/-/zxcvbn-4.4.2.tgz",
      "integrity": "sha1-KOwXzwl0PtyrBW3dixsGJizHPDA="
    }
  }
}
